
Microsoft Visual Studio Solution File, Format Version 12.00
Project("{FAE04EC0-301F-11D3-BF4B-00C04F79EFBC}") = "ProcureHub.WebApi.Tests", "ProcureHub.WebApi.Tests\ProcureHub.WebApi.Tests.csproj", "{71FDFA12-F51C-412C-8DA6-F682B6C6BD95}"
EndProject
Project("{FAE04EC0-301F-11D3-BF4B-00C04F79EFBC}") = "ProcureHub.WebApi", "ProcureHub.WebApi\ProcureHub.WebApi.csproj", "{017E9BAB-358A-4EFD-A1E9-1FA50950525A}"
EndProject
Project("{FAE04EC0-301F-11D3-BF4B-00C04F79EFBC}") = "ProcureHub", "ProcureHub\ProcureHub.csproj", "{127918A3-4AC2-4F64-B495-6BBC2A366584}"
EndProject
Project("{FAE04EC0-301F-11D3-BF4B-00C04F79EFBC}") = "ProcureHub.BlazorApp", "ProcureHub.BlazorApp\ProcureHub.BlazorApp.csproj", "{E4CF45B8-7CAA-42CB-8CB2-AFC3F7A33E92}"
EndProject
Project("{FAE04EC0-301F-11D3-BF4B-00C04F79EFBC}") = "ProcureHub.Infrastructure.Hosting", "ProcureHub.Infrastructure.Hosting\ProcureHub.Infrastructure.Hosting.csproj", "{E9C24E5B-7A9A-4C8C-A7B2-7D97E57FAE91}"
EndProject
Project("{FAE04EC0-301F-11D3-BF4B-00C04F79EFBC}") = "ProcureHub.BlazorApp.Tests", "ProcureHub.BlazorApp.Tests\ProcureHub.BlazorApp.Tests.csproj", "{732D41EE-8075-4E9C-8F9F-048DB68370C2}"
EndProject
Project("{FAE04EC0-301F-11D3-BF4B-00C04F79EFBC}") = "ProcureHub.BlazorApp.E2ETests", "ProcureHub.BlazorApp.E2ETests\ProcureHub.BlazorApp.E2ETests.csproj", "{753612BA-5BD2-4DBF-AA71-22F52C9B64CE}"
EndProject
Project("{2150E333-8FDC-42A3-9474-1A3956D46DE8}") = "CleanArchitecture", "CleanArchitecture", "{7E761D02-4690-4F5B-AF65-F0404F23AF94}"
EndProject
Project("{FAE04EC0-301F-11D3-BF4B-00C04F79EFBC}") = "ProcureHub.Domain", "CA\ProcureHub.Domain\ProcureHub.Domain.csproj", "{82B354A8-09D5-41C2-A417-F22926E9395B}"
EndProject
Project("{FAE04EC0-301F-11D3-BF4B-00C04F79EFBC}") = "ProcureHub.Infrastructure", "CA\ProcureHub.Infrastructure\ProcureHub.Infrastructure.csproj", "{EAC9D74C-E624-49D5-A7E3-EAEDE5606EC5}"
EndProject
Project("{FAE04EC0-301F-11D3-BF4B-00C04F79EFBC}") = "ProcureHub.Application", "CA\ProcureHub.Application\ProcureHub.Application.csproj", "{A4BE4657-B0DC-4A48-8661-3EB2414C9502}"
EndProject
Global
	GlobalSection(SolutionConfigurationPlatforms) = preSolution
		Debug|Any CPU = Debug|Any CPU
		Debug|x64 = Debug|x64
		Debug|x86 = Debug|x86
		Release|Any CPU = Release|Any CPU
		Release|x64 = Release|x64
		Release|x86 = Release|x86
	EndGlobalSection
	GlobalSection(ProjectConfigurationPlatforms) = postSolution
		{71FDFA12-F51C-412C-8DA6-F682B6C6BD95}.Debug|Any CPU.ActiveCfg = Debug|Any CPU
		{71FDFA12-F51C-412C-8DA6-F682B6C6BD95}.Debug|Any CPU.Build.0 = Debug|Any CPU
		{71FDFA12-F51C-412C-8DA6-F682B6C6BD95}.Debug|x64.ActiveCfg = Debug|Any CPU
		{71FDFA12-F51C-412C-8DA6-F682B6C6BD95}.Debug|x64.Build.0 = Debug|Any CPU
		{71FDFA12-F51C-412C-8DA6-F682B6C6BD95}.Debug|x86.ActiveCfg = Debug|Any CPU
		{71FDFA12-F51C-412C-8DA6-F682B6C6BD95}.Debug|x86.Build.0 = Debug|Any CPU
		{71FDFA12-F51C-412C-8DA6-F682B6C6BD95}.Release|Any CPU.ActiveCfg = Release|Any CPU
		{71FDFA12-F51C-412C-8DA6-F682B6C6BD95}.Release|Any CPU.Build.0 = Release|Any CPU
		{71FDFA12-F51C-412C-8DA6-F682B6C6BD95}.Release|x64.ActiveCfg = Release|Any CPU
		{71FDFA12-F51C-412C-8DA6-F682B6C6BD95}.Release|x64.Build.0 = Release|Any CPU
		{71FDFA12-F51C-412C-8DA6-F682B6C6BD95}.Release|x86.ActiveCfg = Release|Any CPU
		{71FDFA12-F51C-412C-8DA6-F682B6C6BD95}.Release|x86.Build.0 = Release|Any CPU
		{017E9BAB-358A-4EFD-A1E9-1FA50950525A}.Debug|Any CPU.ActiveCfg = Debug|Any CPU
		{017E9BAB-358A-4EFD-A1E9-1FA50950525A}.Debug|Any CPU.Build.0 = Debug|Any CPU
		{017E9BAB-358A-4EFD-A1E9-1FA50950525A}.Debug|x64.ActiveCfg = Debug|Any CPU
		{017E9BAB-358A-4EFD-A1E9-1FA50950525A}.Debug|x64.Build.0 = Debug|Any CPU
		{017E9BAB-358A-4EFD-A1E9-1FA50950525A}.Debug|x86.ActiveCfg = Debug|Any CPU
		{017E9BAB-358A-4EFD-A1E9-1FA50950525A}.Debug|x86.Build.0 = Debug|Any CPU
		{017E9BAB-358A-4EFD-A1E9-1FA50950525A}.Release|Any CPU.ActiveCfg = Release|Any CPU
		{017E9BAB-358A-4EFD-A1E9-1FA50950525A}.Release|Any CPU.Build.0 = Release|Any CPU
		{017E9BAB-358A-4EFD-A1E9-1FA50950525A}.Release|x64.ActiveCfg = Release|Any CPU
		{017E9BAB-358A-4EFD-A1E9-1FA50950525A}.Release|x64.Build.0 = Release|Any CPU
		{017E9BAB-358A-4EFD-A1E9-1FA50950525A}.Release|x86.ActiveCfg = Release|Any CPU
		{017E9BAB-358A-4EFD-A1E9-1FA50950525A}.Release|x86.Build.0 = Release|Any CPU
		{127918A3-4AC2-4F64-B495-6BBC2A366584}.Debug|Any CPU.ActiveCfg = Debug|Any CPU
		{127918A3-4AC2-4F64-B495-6BBC2A366584}.Debug|Any CPU.Build.0 = Debug|Any CPU
		{127918A3-4AC2-4F64-B495-6BBC2A366584}.Debug|x64.ActiveCfg = Debug|Any CPU
		{127918A3-4AC2-4F64-B495-6BBC2A366584}.Debug|x64.Build.0 = Debug|Any CPU
		{127918A3-4AC2-4F64-B495-6BBC2A366584}.Debug|x86.ActiveCfg = Debug|Any CPU
		{127918A3-4AC2-4F64-B495-6BBC2A366584}.Debug|x86.Build.0 = Debug|Any CPU
		{127918A3-4AC2-4F64-B495-6BBC2A366584}.Release|Any CPU.ActiveCfg = Release|Any CPU
		{127918A3-4AC2-4F64-B495-6BBC2A366584}.Release|Any CPU.Build.0 = Release|Any CPU
		{127918A3-4AC2-4F64-B495-6BBC2A366584}.Release|x64.ActiveCfg = Release|Any CPU
		{127918A3-4AC2-4F64-B495-6BBC2A366584}.Release|x64.Build.0 = Release|Any CPU
		{127918A3-4AC2-4F64-B495-6BBC2A366584}.Release|x86.ActiveCfg = Release|Any CPU
		{127918A3-4AC2-4F64-B495-6BBC2A366584}.Release|x86.Build.0 = Release|Any CPU
		{E4CF45B8-7CAA-42CB-8CB2-AFC3F7A33E92}.Debug|Any CPU.ActiveCfg = Debug|Any CPU
		{E4CF45B8-7CAA-42CB-8CB2-AFC3F7A33E92}.Debug|Any CPU.Build.0 = Debug|Any CPU
		{E4CF45B8-7CAA-42CB-8CB2-AFC3F7A33E92}.Debug|x64.ActiveCfg = Debug|Any CPU
		{E4CF45B8-7CAA-42CB-8CB2-AFC3F7A33E92}.Debug|x64.Build.0 = Debug|Any CPU
		{E4CF45B8-7CAA-42CB-8CB2-AFC3F7A33E92}.Debug|x86.ActiveCfg = Debug|Any CPU
		{E4CF45B8-7CAA-42CB-8CB2-AFC3F7A33E92}.Debug|x86.Build.0 = Debug|Any CPU
		{E4CF45B8-7CAA-42CB-8CB2-AFC3F7A33E92}.Release|Any CPU.ActiveCfg = Release|Any CPU
		{E4CF45B8-7CAA-42CB-8CB2-AFC3F7A33E92}.Release|Any CPU.Build.0 = Release|Any CPU
		{E4CF45B8-7CAA-42CB-8CB2-AFC3F7A33E92}.Release|x64.ActiveCfg = Release|Any CPU
		{E4CF45B8-7CAA-42CB-8CB2-AFC3F7A33E92}.Release|x64.Build.0 = Release|Any CPU
		{E4CF45B8-7CAA-42CB-8CB2-AFC3F7A33E92}.Release|x86.ActiveCfg = Release|Any CPU
		{E4CF45B8-7CAA-42CB-8CB2-AFC3F7A33E92}.Release|x86.Build.0 = Release|Any CPU
		{E9C24E5B-7A9A-4C8C-A7B2-7D97E57FAE91}.Debug|Any CPU.ActiveCfg = Debug|Any CPU
		{E9C24E5B-7A9A-4C8C-A7B2-7D97E57FAE91}.Debug|Any CPU.Build.0 = Debug|Any CPU
		{E9C24E5B-7A9A-4C8C-A7B2-7D97E57FAE91}.Debug|x64.ActiveCfg = Debug|Any CPU
		{E9C24E5B-7A9A-4C8C-A7B2-7D97E57FAE91}.Debug|x64.Build.0 = Debug|Any CPU
		{E9C24E5B-7A9A-4C8C-A7B2-7D97E57FAE91}.Debug|x86.ActiveCfg = Debug|Any CPU
		{E9C24E5B-7A9A-4C8C-A7B2-7D97E57FAE91}.Debug|x86.Build.0 = Debug|Any CPU
		{E9C24E5B-7A9A-4C8C-A7B2-7D97E57FAE91}.Release|Any CPU.ActiveCfg = Release|Any CPU
		{E9C24E5B-7A9A-4C8C-A7B2-7D97E57FAE91}.Release|Any CPU.Build.0 = Release|Any CPU
		{E9C24E5B-7A9A-4C8C-A7B2-7D97E57FAE91}.Release|x64.ActiveCfg = Release|Any CPU
		{E9C24E5B-7A9A-4C8C-A7B2-7D97E57FAE91}.Release|x64.Build.0 = Release|Any CPU
		{E9C24E5B-7A9A-4C8C-A7B2-7D97E57FAE91}.Release|x86.ActiveCfg = Release|Any CPU
		{E9C24E5B-7A9A-4C8C-A7B2-7D97E57FAE91}.Release|x86.Build.0 = Release|Any CPU
		{732D41EE-8075-4E9C-8F9F-048DB68370C2}.Debug|Any CPU.ActiveCfg = Debug|Any CPU
		{732D41EE-8075-4E9C-8F9F-048DB68370C2}.Debug|Any CPU.Build.0 = Debug|Any CPU
		{732D41EE-8075-4E9C-8F9F-048DB68370C2}.Debug|x64.ActiveCfg = Debug|Any CPU
		{732D41EE-8075-4E9C-8F9F-048DB68370C2}.Debug|x64.Build.0 = Debug|Any CPU
		{732D41EE-8075-4E9C-8F9F-048DB68370C2}.Debug|x86.ActiveCfg = Debug|Any CPU
		{732D41EE-8075-4E9C-8F9F-048DB68370C2}.Debug|x86.Build.0 = Debug|Any CPU
		{732D41EE-8075-4E9C-8F9F-048DB68370C2}.Release|Any CPU.ActiveCfg = Release|Any CPU
		{732D41EE-8075-4E9C-8F9F-048DB68370C2}.Release|Any CPU.Build.0 = Release|Any CPU
		{732D41EE-8075-4E9C-8F9F-048DB68370C2}.Release|x64.ActiveCfg = Release|Any CPU
		{732D41EE-8075-4E9C-8F9F-048DB68370C2}.Release|x64.Build.0 = Release|Any CPU
		{732D41EE-8075-4E9C-8F9F-048DB68370C2}.Release|x86.ActiveCfg = Release|Any CPU
		{732D41EE-8075-4E9C-8F9F-048DB68370C2}.Release|x86.Build.0 = Release|Any CPU
		{753612BA-5BD2-4DBF-AA71-22F52C9B64CE}.Debug|Any CPU.ActiveCfg = Debug|Any CPU
		{753612BA-5BD2-4DBF-AA71-22F52C9B64CE}.Debug|Any CPU.Build.0 = Debug|Any CPU
		{753612BA-5BD2-4DBF-AA71-22F52C9B64CE}.Debug|x64.ActiveCfg = Debug|Any CPU
		{753612BA-5BD2-4DBF-AA71-22F52C9B64CE}.Debug|x64.Build.0 = Debug|Any CPU
		{753612BA-5BD2-4DBF-AA71-22F52C9B64CE}.Debug|x86.ActiveCfg = Debug|Any CPU
		{753612BA-5BD2-4DBF-AA71-22F52C9B64CE}.Debug|x86.Build.0 = Debug|Any CPU
		{753612BA-5BD2-4DBF-AA71-22F52C9B64CE}.Release|Any CPU.ActiveCfg = Release|Any CPU
		{753612BA-5BD2-4DBF-AA71-22F52C9B64CE}.Release|Any CPU.Build.0 = Release|Any CPU
		{753612BA-5BD2-4DBF-AA71-22F52C9B64CE}.Release|x64.ActiveCfg = Release|Any CPU
		{753612BA-5BD2-4DBF-AA71-22F52C9B64CE}.Release|x64.Build.0 = Release|Any CPU
		{753612BA-5BD2-4DBF-AA71-22F52C9B64CE}.Release|x86.ActiveCfg = Release|Any CPU
		{753612BA-5BD2-4DBF-AA71-22F52C9B64CE}.Release|x86.Build.0 = Release|Any CPU
		{82B354A8-09D5-41C2-A417-F22926E9395B}.Debug|Any CPU.ActiveCfg = Debug|Any CPU
		{82B354A8-09D5-41C2-A417-F22926E9395B}.Debug|Any CPU.Build.0 = Debug|Any CPU
		{82B354A8-09D5-41C2-A417-F22926E9395B}.Debug|x64.ActiveCfg = Debug|Any CPU
		{82B354A8-09D5-41C2-A417-F22926E9395B}.Debug|x64.Build.0 = Debug|Any CPU
		{82B354A8-09D5-41C2-A417-F22926E9395B}.Debug|x86.ActiveCfg = Debug|Any CPU
		{82B354A8-09D5-41C2-A417-F22926E9395B}.Debug|x86.Build.0 = Debug|Any CPU
		{82B354A8-09D5-41C2-A417-F22926E9395B}.Release|Any CPU.ActiveCfg = Release|Any CPU
		{82B354A8-09D5-41C2-A417-F22926E9395B}.Release|Any CPU.Build.0 = Release|Any CPU
		{82B354A8-09D5-41C2-A417-F22926E9395B}.Release|x64.ActiveCfg = Release|Any CPU
		{82B354A8-09D5-41C2-A417-F22926E9395B}.Release|x64.Build.0 = Release|Any CPU
		{82B354A8-09D5-41C2-A417-F22926E9395B}.Release|x86.ActiveCfg = Release|Any CPU
		{82B354A8-09D5-41C2-A417-F22926E9395B}.Release|x86.Build.0 = Release|Any CPU
		{EAC9D74C-E624-49D5-A7E3-EAEDE5606EC5}.Debug|Any CPU.ActiveCfg = Debug|Any CPU
		{EAC9D74C-E624-49D5-A7E3-EAEDE5606EC5}.Debug|Any CPU.Build.0 = Debug|Any CPU
		{EAC9D74C-E624-49D5-A7E3-EAEDE5606EC5}.Debug|x64.ActiveCfg = Debug|Any CPU
		{EAC9D74C-E624-49D5-A7E3-EAEDE5606EC5}.Debug|x64.Build.0 = Debug|Any CPU
		{EAC9D74C-E624-49D5-A7E3-EAEDE5606EC5}.Debug|x86.ActiveCfg = Debug|Any CPU
		{EAC9D74C-E624-49D5-A7E3-EAEDE5606EC5}.Debug|x86.Build.0 = Debug|Any CPU
		{EAC9D74C-E624-49D5-A7E3-EAEDE5606EC5}.Release|Any CPU.ActiveCfg = Release|Any CPU
		{EAC9D74C-E624-49D5-A7E3-EAEDE5606EC5}.Release|Any CPU.Build.0 = Release|Any CPU
		{EAC9D74C-E624-49D5-A7E3-EAEDE5606EC5}.Release|x64.ActiveCfg = Release|Any CPU
		{EAC9D74C-E624-49D5-A7E3-EAEDE5606EC5}.Release|x64.Build.0 = Release|Any CPU
		{EAC9D74C-E624-49D5-A7E3-EAEDE5606EC5}.Release|x86.ActiveCfg = Release|Any CPU
		{EAC9D74C-E624-49D5-A7E3-EAEDE5606EC5}.Release|x86.Build.0 = Release|Any CPU
		{A4BE4657-B0DC-4A48-8661-3EB2414C9502}.Debug|Any CPU.ActiveCfg = Debug|Any CPU
		{A4BE4657-B0DC-4A48-8661-3EB2414C9502}.Debug|Any CPU.Build.0 = Debug|Any CPU
		{A4BE4657-B0DC-4A48-8661-3EB2414C9502}.Debug|x64.ActiveCfg = Debug|Any CPU
		{A4BE4657-B0DC-4A48-8661-3EB2414C9502}.Debug|x64.Build.0 = Debug|Any CPU
		{A4BE4657-B0DC-4A48-8661-3EB2414C9502}.Debug|x86.ActiveCfg = Debug|Any CPU
		{A4BE4657-B0DC-4A48-8661-3EB2414C9502}.Debug|x86.Build.0 = Debug|Any CPU
		{A4BE4657-B0DC-4A48-8661-3EB2414C9502}.Release|Any CPU.ActiveCfg = Release|Any CPU
		{A4BE4657-B0DC-4A48-8661-3EB2414C9502}.Release|Any CPU.Build.0 = Release|Any CPU
		{A4BE4657-B0DC-4A48-8661-3EB2414C9502}.Release|x64.ActiveCfg = Release|Any CPU
		{A4BE4657-B0DC-4A48-8661-3EB2414C9502}.Release|x64.Build.0 = Release|Any CPU
		{A4BE4657-B0DC-4A48-8661-3EB2414C9502}.Release|x86.ActiveCfg = Release|Any CPU
		{A4BE4657-B0DC-4A48-8661-3EB2414C9502}.Release|x86.Build.0 = Release|Any CPU
	EndGlobalSection
	GlobalSection(SolutionProperties) = preSolution
		HideSolutionNode = FALSE
	EndGlobalSection
	GlobalSection(NestedProjects) = preSolution
		{82B354A8-09D5-41C2-A417-F22926E9395B} = {7E761D02-4690-4F5B-AF65-F0404F23AF94}
		{EAC9D74C-E624-49D5-A7E3-EAEDE5606EC5} = {7E761D02-4690-4F5B-AF65-F0404F23AF94}
		{A4BE4657-B0DC-4A48-8661-3EB2414C9502} = {7E761D02-4690-4F5B-AF65-F0404F23AF94}
	EndGlobalSection
EndGlobal
