
Microsoft Visual Studio Solution File, Format Version 12.00
Project("{2150E333-8FDC-42A3-9474-1A3956D46DE8}") = "src", "src", "{7E761D02-4690-4F5B-AF65-F0404F23AF94}"
EndProject
Project("{2150E333-8FDC-42A3-9474-1A3956D46DE8}") = "tests", "tests", "{E1654ED9-9BE1-42A8-9E0D-C9E2BCE55CB8}"
EndProject
Project("{FAE04EC0-301F-11D3-BF4B-00C04F79EFBC}") = "ProcureHub.Application.IntegrationTests", "ProcureHub.Application.IntegrationTests\ProcureHub.Application.IntegrationTests.csproj", "{D722D042-E6F7-4D0B-8925-F12B34C620DB}"
EndProject
Project("{FAE04EC0-301F-11D3-BF4B-00C04F79EFBC}") = "ProcureHub.Domain.UnitTests", "ProcureHub.Domain.UnitTests\ProcureHub.Domain.UnitTests.csproj", "{687F809D-86CA-4C69-9748-9C6C72879746}"
EndProject
Project("{FAE04EC0-301F-11D3-BF4B-00C04F79EFBC}") = "ProcureHub.Application.UnitTests", "ProcureHub.Application.UnitTests\ProcureHub.Application.UnitTests.csproj", "{C0B2C241-1475-47A6-9C60-17E42F1F8AF5}"
EndProject
Project("{FAE04EC0-301F-11D3-BF4B-00C04F79EFBC}") = "ProcureHub.Domain", "src\ProcureHub.Domain\ProcureHub.Domain.csproj", "{B98ABE02-FC8F-469C-ACDE-047207B6C362}"
EndProject
Project("{FAE04EC0-301F-11D3-BF4B-00C04F79EFBC}") = "ProcureHub.Application", "src\ProcureHub.Application\ProcureHub.Application.csproj", "{E09A9280-18C0-4B3B-B431-FC8DFA934C38}"
EndProject
Project("{FAE04EC0-301F-11D3-BF4B-00C04F79EFBC}") = "ProcureHub.Infrastructure", "src\ProcureHub.Infrastructure\ProcureHub.Infrastructure.csproj", "{0788B776-FE5C-4EA3-A614-D2C14815AE63}"
EndProject
Project("{FAE04EC0-301F-11D3-BF4B-00C04F79EFBC}") = "ProcureHub.Infrastructure.Hosting", "src\ProcureHub.Infrastructure.Hosting\ProcureHub.Infrastructure.Hosting.csproj", "{F84F956D-1A02-41F3-907D-49ED4746BAFD}"
EndProject
Project("{FAE04EC0-301F-11D3-BF4B-00C04F79EFBC}") = "ProcureHub.BlazorApp", "src\ProcureHub.BlazorApp\ProcureHub.BlazorApp.csproj", "{183FF03A-E436-411E-99C6-A87E88EF9DA4}"
EndProject
Project("{FAE04EC0-301F-11D3-BF4B-00C04F79EFBC}") = "ProcureHub.Application.IntegrationTests", "tests\ProcureHub.Application.IntegrationTests\ProcureHub.Application.IntegrationTests.csproj", "{E353353B-6A4A-4AE2-8D89-508605C22D5D}"
EndProject
Project("{FAE04EC0-301F-11D3-BF4B-00C04F79EFBC}") = "ProcureHub.Application.UnitTests", "tests\ProcureHub.Application.UnitTests\ProcureHub.Application.UnitTests.csproj", "{80018E3F-472C-407C-811D-DDD070A723AE}"
EndProject
Project("{FAE04EC0-301F-11D3-BF4B-00C04F79EFBC}") = "ProcureHub.BlazorApp.ComponentTests", "tests\ProcureHub.BlazorApp.ComponentTests\ProcureHub.BlazorApp.ComponentTests.csproj", "{C257F115-37BE-465F-A24F-87A7CAB69E6F}"
EndProject
Project("{FAE04EC0-301F-11D3-BF4B-00C04F79EFBC}") = "ProcureHub.BlazorApp.E2ETests", "tests\ProcureHub.BlazorApp.E2ETests\ProcureHub.BlazorApp.E2ETests.csproj", "{DBC9A400-0B32-4C90-AC33-6D8AF382EFBB}"
EndProject
Project("{FAE04EC0-301F-11D3-BF4B-00C04F79EFBC}") = "ProcureHub.Domain.UnitTests", "tests\ProcureHub.Domain.UnitTests\ProcureHub.Domain.UnitTests.csproj", "{04A5F378-DD9C-45A2-97B9-5232163DDFA8}"
EndProject
Global
	GlobalSection(SolutionConfigurationPlatforms) = preSolution
		Debug|Any CPU = Debug|Any CPU
		Debug|x64 = Debug|x64
		Debug|x86 = Debug|x86
		Release|Any CPU = Release|Any CPU
		Release|x64 = Release|x64
		Release|x86 = Release|x86
	EndGlobalSection
	GlobalSection(ProjectConfigurationPlatforms) = postSolution
		{D722D042-E6F7-4D0B-8925-F12B34C620DB}.Debug|Any CPU.ActiveCfg = Debug|Any CPU
		{D722D042-E6F7-4D0B-8925-F12B34C620DB}.Debug|Any CPU.Build.0 = Debug|Any CPU
		{D722D042-E6F7-4D0B-8925-F12B34C620DB}.Debug|x64.ActiveCfg = Debug|Any CPU
		{D722D042-E6F7-4D0B-8925-F12B34C620DB}.Debug|x64.Build.0 = Debug|Any CPU
		{D722D042-E6F7-4D0B-8925-F12B34C620DB}.Debug|x86.ActiveCfg = Debug|Any CPU
		{D722D042-E6F7-4D0B-8925-F12B34C620DB}.Debug|x86.Build.0 = Debug|Any CPU
		{D722D042-E6F7-4D0B-8925-F12B34C620DB}.Release|Any CPU.ActiveCfg = Release|Any CPU
		{D722D042-E6F7-4D0B-8925-F12B34C620DB}.Release|Any CPU.Build.0 = Release|Any CPU
		{D722D042-E6F7-4D0B-8925-F12B34C620DB}.Release|x64.ActiveCfg = Release|Any CPU
		{D722D042-E6F7-4D0B-8925-F12B34C620DB}.Release|x64.Build.0 = Release|Any CPU
		{D722D042-E6F7-4D0B-8925-F12B34C620DB}.Release|x86.ActiveCfg = Release|Any CPU
		{D722D042-E6F7-4D0B-8925-F12B34C620DB}.Release|x86.Build.0 = Release|Any CPU
		{687F809D-86CA-4C69-9748-9C6C72879746}.Debug|Any CPU.ActiveCfg = Debug|Any CPU
		{687F809D-86CA-4C69-9748-9C6C72879746}.Debug|Any CPU.Build.0 = Debug|Any CPU
		{687F809D-86CA-4C69-9748-9C6C72879746}.Debug|x64.ActiveCfg = Debug|Any CPU
		{687F809D-86CA-4C69-9748-9C6C72879746}.Debug|x64.Build.0 = Debug|Any CPU
		{687F809D-86CA-4C69-9748-9C6C72879746}.Debug|x86.ActiveCfg = Debug|Any CPU
		{687F809D-86CA-4C69-9748-9C6C72879746}.Debug|x86.Build.0 = Debug|Any CPU
		{687F809D-86CA-4C69-9748-9C6C72879746}.Release|Any CPU.ActiveCfg = Release|Any CPU
		{687F809D-86CA-4C69-9748-9C6C72879746}.Release|Any CPU.Build.0 = Release|Any CPU
		{687F809D-86CA-4C69-9748-9C6C72879746}.Release|x64.ActiveCfg = Release|Any CPU
		{687F809D-86CA-4C69-9748-9C6C72879746}.Release|x64.Build.0 = Release|Any CPU
		{687F809D-86CA-4C69-9748-9C6C72879746}.Release|x86.ActiveCfg = Release|Any CPU
		{687F809D-86CA-4C69-9748-9C6C72879746}.Release|x86.Build.0 = Release|Any CPU
		{C0B2C241-1475-47A6-9C60-17E42F1F8AF5}.Debug|Any CPU.ActiveCfg = Debug|Any CPU
		{C0B2C241-1475-47A6-9C60-17E42F1F8AF5}.Debug|Any CPU.Build.0 = Debug|Any CPU
		{C0B2C241-1475-47A6-9C60-17E42F1F8AF5}.Debug|x64.ActiveCfg = Debug|Any CPU
		{C0B2C241-1475-47A6-9C60-17E42F1F8AF5}.Debug|x64.Build.0 = Debug|Any CPU
		{C0B2C241-1475-47A6-9C60-17E42F1F8AF5}.Debug|x86.ActiveCfg = Debug|Any CPU
		{C0B2C241-1475-47A6-9C60-17E42F1F8AF5}.Debug|x86.Build.0 = Debug|Any CPU
		{C0B2C241-1475-47A6-9C60-17E42F1F8AF5}.Release|Any CPU.ActiveCfg = Release|Any CPU
		{C0B2C241-1475-47A6-9C60-17E42F1F8AF5}.Release|Any CPU.Build.0 = Release|Any CPU
		{C0B2C241-1475-47A6-9C60-17E42F1F8AF5}.Release|x64.ActiveCfg = Release|Any CPU
		{C0B2C241-1475-47A6-9C60-17E42F1F8AF5}.Release|x64.Build.0 = Release|Any CPU
		{C0B2C241-1475-47A6-9C60-17E42F1F8AF5}.Release|x86.ActiveCfg = Release|Any CPU
		{C0B2C241-1475-47A6-9C60-17E42F1F8AF5}.Release|x86.Build.0 = Release|Any CPU
		{B98ABE02-FC8F-469C-ACDE-047207B6C362}.Debug|Any CPU.ActiveCfg = Debug|Any CPU
		{B98ABE02-FC8F-469C-ACDE-047207B6C362}.Debug|Any CPU.Build.0 = Debug|Any CPU
		{B98ABE02-FC8F-469C-ACDE-047207B6C362}.Debug|x64.ActiveCfg = Debug|Any CPU
		{B98ABE02-FC8F-469C-ACDE-047207B6C362}.Debug|x64.Build.0 = Debug|Any CPU
		{B98ABE02-FC8F-469C-ACDE-047207B6C362}.Debug|x86.ActiveCfg = Debug|Any CPU
		{B98ABE02-FC8F-469C-ACDE-047207B6C362}.Debug|x86.Build.0 = Debug|Any CPU
		{B98ABE02-FC8F-469C-ACDE-047207B6C362}.Release|Any CPU.ActiveCfg = Release|Any CPU
		{B98ABE02-FC8F-469C-ACDE-047207B6C362}.Release|Any CPU.Build.0 = Release|Any CPU
		{B98ABE02-FC8F-469C-ACDE-047207B6C362}.Release|x64.ActiveCfg = Release|Any CPU
		{B98ABE02-FC8F-469C-ACDE-047207B6C362}.Release|x64.Build.0 = Release|Any CPU
		{B98ABE02-FC8F-469C-ACDE-047207B6C362}.Release|x86.ActiveCfg = Release|Any CPU
		{B98ABE02-FC8F-469C-ACDE-047207B6C362}.Release|x86.Build.0 = Release|Any CPU
		{E09A9280-18C0-4B3B-B431-FC8DFA934C38}.Debug|Any CPU.ActiveCfg = Debug|Any CPU
		{E09A9280-18C0-4B3B-B431-FC8DFA934C38}.Debug|Any CPU.Build.0 = Debug|Any CPU
		{E09A9280-18C0-4B3B-B431-FC8DFA934C38}.Debug|x64.ActiveCfg = Debug|Any CPU
		{E09A9280-18C0-4B3B-B431-FC8DFA934C38}.Debug|x64.Build.0 = Debug|Any CPU
		{E09A9280-18C0-4B3B-B431-FC8DFA934C38}.Debug|x86.ActiveCfg = Debug|Any CPU
		{E09A9280-18C0-4B3B-B431-FC8DFA934C38}.Debug|x86.Build.0 = Debug|Any CPU
		{E09A9280-18C0-4B3B-B431-FC8DFA934C38}.Release|Any CPU.ActiveCfg = Release|Any CPU
		{E09A9280-18C0-4B3B-B431-FC8DFA934C38}.Release|Any CPU.Build.0 = Release|Any CPU
		{E09A9280-18C0-4B3B-B431-FC8DFA934C38}.Release|x64.ActiveCfg = Release|Any CPU
		{E09A9280-18C0-4B3B-B431-FC8DFA934C38}.Release|x64.Build.0 = Release|Any CPU
		{E09A9280-18C0-4B3B-B431-FC8DFA934C38}.Release|x86.ActiveCfg = Release|Any CPU
		{E09A9280-18C0-4B3B-B431-FC8DFA934C38}.Release|x86.Build.0 = Release|Any CPU
		{0788B776-FE5C-4EA3-A614-D2C14815AE63}.Debug|Any CPU.ActiveCfg = Debug|Any CPU
		{0788B776-FE5C-4EA3-A614-D2C14815AE63}.Debug|Any CPU.Build.0 = Debug|Any CPU
		{0788B776-FE5C-4EA3-A614-D2C14815AE63}.Debug|x64.ActiveCfg = Debug|Any CPU
		{0788B776-FE5C-4EA3-A614-D2C14815AE63}.Debug|x64.Build.0 = Debug|Any CPU
		{0788B776-FE5C-4EA3-A614-D2C14815AE63}.Debug|x86.ActiveCfg = Debug|Any CPU
		{0788B776-FE5C-4EA3-A614-D2C14815AE63}.Debug|x86.Build.0 = Debug|Any CPU
		{0788B776-FE5C-4EA3-A614-D2C14815AE63}.Release|Any CPU.ActiveCfg = Release|Any CPU
		{0788B776-FE5C-4EA3-A614-D2C14815AE63}.Release|Any CPU.Build.0 = Release|Any CPU
		{0788B776-FE5C-4EA3-A614-D2C14815AE63}.Release|x64.ActiveCfg = Release|Any CPU
		{0788B776-FE5C-4EA3-A614-D2C14815AE63}.Release|x64.Build.0 = Release|Any CPU
		{0788B776-FE5C-4EA3-A614-D2C14815AE63}.Release|x86.ActiveCfg = Release|Any CPU
		{0788B776-FE5C-4EA3-A614-D2C14815AE63}.Release|x86.Build.0 = Release|Any CPU
		{F84F956D-1A02-41F3-907D-49ED4746BAFD}.Debug|Any CPU.ActiveCfg = Debug|Any CPU
		{F84F956D-1A02-41F3-907D-49ED4746BAFD}.Debug|Any CPU.Build.0 = Debug|Any CPU
		{F84F956D-1A02-41F3-907D-49ED4746BAFD}.Debug|x64.ActiveCfg = Debug|Any CPU
		{F84F956D-1A02-41F3-907D-49ED4746BAFD}.Debug|x64.Build.0 = Debug|Any CPU
		{F84F956D-1A02-41F3-907D-49ED4746BAFD}.Debug|x86.ActiveCfg = Debug|Any CPU
		{F84F956D-1A02-41F3-907D-49ED4746BAFD}.Debug|x86.Build.0 = Debug|Any CPU
		{F84F956D-1A02-41F3-907D-49ED4746BAFD}.Release|Any CPU.ActiveCfg = Release|Any CPU
		{F84F956D-1A02-41F3-907D-49ED4746BAFD}.Release|Any CPU.Build.0 = Release|Any CPU
		{F84F956D-1A02-41F3-907D-49ED4746BAFD}.Release|x64.ActiveCfg = Release|Any CPU
		{F84F956D-1A02-41F3-907D-49ED4746BAFD}.Release|x64.Build.0 = Release|Any CPU
		{F84F956D-1A02-41F3-907D-49ED4746BAFD}.Release|x86.ActiveCfg = Release|Any CPU
		{F84F956D-1A02-41F3-907D-49ED4746BAFD}.Release|x86.Build.0 = Release|Any CPU
		{183FF03A-E436-411E-99C6-A87E88EF9DA4}.Debug|Any CPU.ActiveCfg = Debug|Any CPU
		{183FF03A-E436-411E-99C6-A87E88EF9DA4}.Debug|Any CPU.Build.0 = Debug|Any CPU
		{183FF03A-E436-411E-99C6-A87E88EF9DA4}.Debug|x64.ActiveCfg = Debug|Any CPU
		{183FF03A-E436-411E-99C6-A87E88EF9DA4}.Debug|x64.Build.0 = Debug|Any CPU
		{183FF03A-E436-411E-99C6-A87E88EF9DA4}.Debug|x86.ActiveCfg = Debug|Any CPU
		{183FF03A-E436-411E-99C6-A87E88EF9DA4}.Debug|x86.Build.0 = Debug|Any CPU
		{183FF03A-E436-411E-99C6-A87E88EF9DA4}.Release|Any CPU.ActiveCfg = Release|Any CPU
		{183FF03A-E436-411E-99C6-A87E88EF9DA4}.Release|Any CPU.Build.0 = Release|Any CPU
		{183FF03A-E436-411E-99C6-A87E88EF9DA4}.Release|x64.ActiveCfg = Release|Any CPU
		{183FF03A-E436-411E-99C6-A87E88EF9DA4}.Release|x64.Build.0 = Release|Any CPU
		{183FF03A-E436-411E-99C6-A87E88EF9DA4}.Release|x86.ActiveCfg = Release|Any CPU
		{183FF03A-E436-411E-99C6-A87E88EF9DA4}.Release|x86.Build.0 = Release|Any CPU
		{E353353B-6A4A-4AE2-8D89-508605C22D5D}.Debug|Any CPU.ActiveCfg = Debug|Any CPU
		{E353353B-6A4A-4AE2-8D89-508605C22D5D}.Debug|Any CPU.Build.0 = Debug|Any CPU
		{E353353B-6A4A-4AE2-8D89-508605C22D5D}.Debug|x64.ActiveCfg = Debug|Any CPU
		{E353353B-6A4A-4AE2-8D89-508605C22D5D}.Debug|x64.Build.0 = Debug|Any CPU
		{E353353B-6A4A-4AE2-8D89-508605C22D5D}.Debug|x86.ActiveCfg = Debug|Any CPU
		{E353353B-6A4A-4AE2-8D89-508605C22D5D}.Debug|x86.Build.0 = Debug|Any CPU
		{E353353B-6A4A-4AE2-8D89-508605C22D5D}.Release|Any CPU.ActiveCfg = Release|Any CPU
		{E353353B-6A4A-4AE2-8D89-508605C22D5D}.Release|Any CPU.Build.0 = Release|Any CPU
		{E353353B-6A4A-4AE2-8D89-508605C22D5D}.Release|x64.ActiveCfg = Release|Any CPU
		{E353353B-6A4A-4AE2-8D89-508605C22D5D}.Release|x64.Build.0 = Release|Any CPU
		{E353353B-6A4A-4AE2-8D89-508605C22D5D}.Release|x86.ActiveCfg = Release|Any CPU
		{E353353B-6A4A-4AE2-8D89-508605C22D5D}.Release|x86.Build.0 = Release|Any CPU
		{80018E3F-472C-407C-811D-DDD070A723AE}.Debug|Any CPU.ActiveCfg = Debug|Any CPU
		{80018E3F-472C-407C-811D-DDD070A723AE}.Debug|Any CPU.Build.0 = Debug|Any CPU
		{80018E3F-472C-407C-811D-DDD070A723AE}.Debug|x64.ActiveCfg = Debug|Any CPU
		{80018E3F-472C-407C-811D-DDD070A723AE}.Debug|x64.Build.0 = Debug|Any CPU
		{80018E3F-472C-407C-811D-DDD070A723AE}.Debug|x86.ActiveCfg = Debug|Any CPU
		{80018E3F-472C-407C-811D-DDD070A723AE}.Debug|x86.Build.0 = Debug|Any CPU
		{80018E3F-472C-407C-811D-DDD070A723AE}.Release|Any CPU.ActiveCfg = Release|Any CPU
		{80018E3F-472C-407C-811D-DDD070A723AE}.Release|Any CPU.Build.0 = Release|Any CPU
		{80018E3F-472C-407C-811D-DDD070A723AE}.Release|x64.ActiveCfg = Release|Any CPU
		{80018E3F-472C-407C-811D-DDD070A723AE}.Release|x64.Build.0 = Release|Any CPU
		{80018E3F-472C-407C-811D-DDD070A723AE}.Release|x86.ActiveCfg = Release|Any CPU
		{80018E3F-472C-407C-811D-DDD070A723AE}.Release|x86.Build.0 = Release|Any CPU
		{C257F115-37BE-465F-A24F-87A7CAB69E6F}.Debug|Any CPU.ActiveCfg = Debug|Any CPU
		{C257F115-37BE-465F-A24F-87A7CAB69E6F}.Debug|Any CPU.Build.0 = Debug|Any CPU
		{C257F115-37BE-465F-A24F-87A7CAB69E6F}.Debug|x64.ActiveCfg = Debug|Any CPU
		{C257F115-37BE-465F-A24F-87A7CAB69E6F}.Debug|x64.Build.0 = Debug|Any CPU
		{C257F115-37BE-465F-A24F-87A7CAB69E6F}.Debug|x86.ActiveCfg = Debug|Any CPU
		{C257F115-37BE-465F-A24F-87A7CAB69E6F}.Debug|x86.Build.0 = Debug|Any CPU
		{C257F115-37BE-465F-A24F-87A7CAB69E6F}.Release|Any CPU.ActiveCfg = Release|Any CPU
		{C257F115-37BE-465F-A24F-87A7CAB69E6F}.Release|Any CPU.Build.0 = Release|Any CPU
		{C257F115-37BE-465F-A24F-87A7CAB69E6F}.Release|x64.ActiveCfg = Release|Any CPU
		{C257F115-37BE-465F-A24F-87A7CAB69E6F}.Release|x64.Build.0 = Release|Any CPU
		{C257F115-37BE-465F-A24F-87A7CAB69E6F}.Release|x86.ActiveCfg = Release|Any CPU
		{C257F115-37BE-465F-A24F-87A7CAB69E6F}.Release|x86.Build.0 = Release|Any CPU
		{DBC9A400-0B32-4C90-AC33-6D8AF382EFBB}.Debug|Any CPU.ActiveCfg = Debug|Any CPU
		{DBC9A400-0B32-4C90-AC33-6D8AF382EFBB}.Debug|Any CPU.Build.0 = Debug|Any CPU
		{DBC9A400-0B32-4C90-AC33-6D8AF382EFBB}.Debug|x64.ActiveCfg = Debug|Any CPU
		{DBC9A400-0B32-4C90-AC33-6D8AF382EFBB}.Debug|x64.Build.0 = Debug|Any CPU
		{DBC9A400-0B32-4C90-AC33-6D8AF382EFBB}.Debug|x86.ActiveCfg = Debug|Any CPU
		{DBC9A400-0B32-4C90-AC33-6D8AF382EFBB}.Debug|x86.Build.0 = Debug|Any CPU
		{DBC9A400-0B32-4C90-AC33-6D8AF382EFBB}.Release|Any CPU.ActiveCfg = Release|Any CPU
		{DBC9A400-0B32-4C90-AC33-6D8AF382EFBB}.Release|Any CPU.Build.0 = Release|Any CPU
		{DBC9A400-0B32-4C90-AC33-6D8AF382EFBB}.Release|x64.ActiveCfg = Release|Any CPU
		{DBC9A400-0B32-4C90-AC33-6D8AF382EFBB}.Release|x64.Build.0 = Release|Any CPU
		{DBC9A400-0B32-4C90-AC33-6D8AF382EFBB}.Release|x86.ActiveCfg = Release|Any CPU
		{DBC9A400-0B32-4C90-AC33-6D8AF382EFBB}.Release|x86.Build.0 = Release|Any CPU
		{04A5F378-DD9C-45A2-97B9-5232163DDFA8}.Debug|Any CPU.ActiveCfg = Debug|Any CPU
		{04A5F378-DD9C-45A2-97B9-5232163DDFA8}.Debug|Any CPU.Build.0 = Debug|Any CPU
		{04A5F378-DD9C-45A2-97B9-5232163DDFA8}.Debug|x64.ActiveCfg = Debug|Any CPU
		{04A5F378-DD9C-45A2-97B9-5232163DDFA8}.Debug|x64.Build.0 = Debug|Any CPU
		{04A5F378-DD9C-45A2-97B9-5232163DDFA8}.Debug|x86.ActiveCfg = Debug|Any CPU
		{04A5F378-DD9C-45A2-97B9-5232163DDFA8}.Debug|x86.Build.0 = Debug|Any CPU
		{04A5F378-DD9C-45A2-97B9-5232163DDFA8}.Release|Any CPU.ActiveCfg = Release|Any CPU
		{04A5F378-DD9C-45A2-97B9-5232163DDFA8}.Release|Any CPU.Build.0 = Release|Any CPU
		{04A5F378-DD9C-45A2-97B9-5232163DDFA8}.Release|x64.ActiveCfg = Release|Any CPU
		{04A5F378-DD9C-45A2-97B9-5232163DDFA8}.Release|x64.Build.0 = Release|Any CPU
		{04A5F378-DD9C-45A2-97B9-5232163DDFA8}.Release|x86.ActiveCfg = Release|Any CPU
		{04A5F378-DD9C-45A2-97B9-5232163DDFA8}.Release|x86.Build.0 = Release|Any CPU
	EndGlobalSection
	GlobalSection(SolutionProperties) = preSolution
		HideSolutionNode = FALSE
	EndGlobalSection
	GlobalSection(NestedProjects) = preSolution
		{D722D042-E6F7-4D0B-8925-F12B34C620DB} = {E1654ED9-9BE1-42A8-9E0D-C9E2BCE55CB8}
		{687F809D-86CA-4C69-9748-9C6C72879746} = {E1654ED9-9BE1-42A8-9E0D-C9E2BCE55CB8}
		{C0B2C241-1475-47A6-9C60-17E42F1F8AF5} = {E1654ED9-9BE1-42A8-9E0D-C9E2BCE55CB8}
		{B98ABE02-FC8F-469C-ACDE-047207B6C362} = {7E761D02-4690-4F5B-AF65-F0404F23AF94}
		{E09A9280-18C0-4B3B-B431-FC8DFA934C38} = {7E761D02-4690-4F5B-AF65-F0404F23AF94}
		{0788B776-FE5C-4EA3-A614-D2C14815AE63} = {7E761D02-4690-4F5B-AF65-F0404F23AF94}
		{F84F956D-1A02-41F3-907D-49ED4746BAFD} = {7E761D02-4690-4F5B-AF65-F0404F23AF94}
		{183FF03A-E436-411E-99C6-A87E88EF9DA4} = {7E761D02-4690-4F5B-AF65-F0404F23AF94}
		{E353353B-6A4A-4AE2-8D89-508605C22D5D} = {E1654ED9-9BE1-42A8-9E0D-C9E2BCE55CB8}
		{80018E3F-472C-407C-811D-DDD070A723AE} = {E1654ED9-9BE1-42A8-9E0D-C9E2BCE55CB8}
		{C257F115-37BE-465F-A24F-87A7CAB69E6F} = {E1654ED9-9BE1-42A8-9E0D-C9E2BCE55CB8}
		{DBC9A400-0B32-4C90-AC33-6D8AF382EFBB} = {E1654ED9-9BE1-42A8-9E0D-C9E2BCE55CB8}
		{04A5F378-DD9C-45A2-97B9-5232163DDFA8} = {E1654ED9-9BE1-42A8-9E0D-C9E2BCE55CB8}
	EndGlobalSection
EndGlobal
