
Microsoft Visual Studio Solution File, Format Version 12.00
Project("{FAE04EC0-301F-11D3-BF4B-00C04F79EFBC}") = "SupportHubOld", "SupportHubOld\SupportHubOld.csproj", "{7F5165B1-31DD-46A2-9199-F1FF6C1FEDED}"
EndProject
Project("{FAE04EC0-301F-11D3-BF4B-00C04F79EFBC}") = "SupportHub.Tests", "SupportHub.Tests\SupportHub.Tests.csproj", "{71FDFA12-F51C-412C-8DA6-F682B6C6BD95}"
EndProject
Project("{FAE04EC0-301F-11D3-BF4B-00C04F79EFBC}") = "SupportHub.WebApi", "SupportHub.WebApi\SupportHub.WebApi.csproj", "{017E9BAB-358A-4EFD-A1E9-1FA50950525A}"
EndProject
Project("{FAE04EC0-301F-11D3-BF4B-00C04F79EFBC}") = "SupportHub.Web", "SupportHub.Web\SupportHub.Web.csproj", "{95DA949F-E97C-4E66-A576-BF20A7648216}"
EndProject
Global
	GlobalSection(SolutionConfigurationPlatforms) = preSolution
		Debug|Any CPU = Debug|Any CPU
		Release|Any CPU = Release|Any CPU
	EndGlobalSection
	GlobalSection(ProjectConfigurationPlatforms) = postSolution
		{7F5165B1-31DD-46A2-9199-F1FF6C1FEDED}.Debug|Any CPU.ActiveCfg = Debug|Any CPU
		{7F5165B1-31DD-46A2-9199-F1FF6C1FEDED}.Debug|Any CPU.Build.0 = Debug|Any CPU
		{7F5165B1-31DD-46A2-9199-F1FF6C1FEDED}.Release|Any CPU.ActiveCfg = Release|Any CPU
		{7F5165B1-31DD-46A2-9199-F1FF6C1FEDED}.Release|Any CPU.Build.0 = Release|Any CPU
		{71FDFA12-F51C-412C-8DA6-F682B6C6BD95}.Debug|Any CPU.ActiveCfg = Debug|Any CPU
		{71FDFA12-F51C-412C-8DA6-F682B6C6BD95}.Debug|Any CPU.Build.0 = Debug|Any CPU
		{71FDFA12-F51C-412C-8DA6-F682B6C6BD95}.Release|Any CPU.ActiveCfg = Release|Any CPU
		{71FDFA12-F51C-412C-8DA6-F682B6C6BD95}.Release|Any CPU.Build.0 = Release|Any CPU
		{017E9BAB-358A-4EFD-A1E9-1FA50950525A}.Debug|Any CPU.ActiveCfg = Debug|Any CPU
		{017E9BAB-358A-4EFD-A1E9-1FA50950525A}.Debug|Any CPU.Build.0 = Debug|Any CPU
		{017E9BAB-358A-4EFD-A1E9-1FA50950525A}.Release|Any CPU.ActiveCfg = Release|Any CPU
		{017E9BAB-358A-4EFD-A1E9-1FA50950525A}.Release|Any CPU.Build.0 = Release|Any CPU
		{95DA949F-E97C-4E66-A576-BF20A7648216}.Debug|Any CPU.ActiveCfg = Debug|Any CPU
		{95DA949F-E97C-4E66-A576-BF20A7648216}.Debug|Any CPU.Build.0 = Debug|Any CPU
		{95DA949F-E97C-4E66-A576-BF20A7648216}.Release|Any CPU.ActiveCfg = Release|Any CPU
		{95DA949F-E97C-4E66-A576-BF20A7648216}.Release|Any CPU.Build.0 = Release|Any CPU
	EndGlobalSection
EndGlobal
